
Microsoft Visual Studio Solution File, Format Version 12.00
# Visual Studio Version 16
VisualStudioVersion = 16.0.29806.167
MinimumVisualStudioVersion = 10.0.40219.1
Project("{FAE04EC0-301F-11D3-BF4B-00C04F79EFBC}") = "Assignment_29", "Assignment_29.csproj", "{0E894D84-84D7-4E13-81DB-61A2A910ED10}"
EndProject
Global
	GlobalSection(SolutionConfigurationPlatforms) = preSolution
		Debug|Any CPU = Debug|Any CPU
		Release|Any CPU = Release|Any CPU
	EndGlobalSection
	GlobalSection(ProjectConfigurationPlatforms) = postSolution
		{0E894D84-84D7-4E13-81DB-61A2A910ED10}.Debug|Any CPU.ActiveCfg = Debug|Any CPU
		{0E894D84-84D7-4E13-81DB-61A2A910ED10}.Debug|Any CPU.Build.0 = Debug|Any CPU
		{0E894D84-84D7-4E13-81DB-61A2A910ED10}.Release|Any CPU.ActiveCfg = Release|Any CPU
		{0E894D84-84D7-4E13-81DB-61A2A910ED10}.Release|Any CPU.Build.0 = Release|Any CPU
	EndGlobalSection
	GlobalSection(SolutionProperties) = preSolution
		HideSolutionNode = FALSE
	EndGlobalSection
	GlobalSection(ExtensibilityGlobals) = postSolution
		SolutionGuid = {33A29B18-44DA-410C-8469-AC73B74BB0A3}
	EndGlobalSection
EndGlobal
