
Microsoft Visual Studio Solution File, Format Version 12.00
# Visual Studio Version 16
VisualStudioVersion = 16.0.29728.190
MinimumVisualStudioVersion = 10.0.40219.1
Project("{FAE04EC0-301F-11D3-BF4B-00C04F79EFBC}") = "twentyone", "twentyone.csproj", "{FC8B8D2F-2C0D-4EB7-AEC2-816CF3930F51}"
EndProject
Global
	GlobalSection(SolutionConfigurationPlatforms) = preSolution
		Debug|Any CPU = Debug|Any CPU
		Release|Any CPU = Release|Any CPU
	EndGlobalSection
	GlobalSection(ProjectConfigurationPlatforms) = postSolution
		{FC8B8D2F-2C0D-4EB7-AEC2-816CF3930F51}.Debug|Any CPU.ActiveCfg = Debug|Any CPU
		{FC8B8D2F-2C0D-4EB7-AEC2-816CF3930F51}.Debug|Any CPU.Build.0 = Debug|Any CPU
		{FC8B8D2F-2C0D-4EB7-AEC2-816CF3930F51}.Release|Any CPU.ActiveCfg = Release|Any CPU
		{FC8B8D2F-2C0D-4EB7-AEC2-816CF3930F51}.Release|Any CPU.Build.0 = Release|Any CPU
	EndGlobalSection
	GlobalSection(SolutionProperties) = preSolution
		HideSolutionNode = FALSE
	EndGlobalSection
	GlobalSection(ExtensibilityGlobals) = postSolution
		SolutionGuid = {AD94B8A7-DB93-47CA-82BF-DD4C1AF67B1F}
	EndGlobalSection
EndGlobal
