
Microsoft Visual Studio Solution File, Format Version 12.00
# Visual Studio Version 16
VisualStudioVersion = 16.0.29728.190
MinimumVisualStudioVersion = 10.0.40219.1
Project("{FAE04EC0-301F-11D3-BF4B-00C04F79EFBC}") = "ExceptionHandling", "ExceptionHandling.csproj", "{29A44379-F083-4F07-A89F-070C0BA4E7A8}"
EndProject
Global
	GlobalSection(SolutionConfigurationPlatforms) = preSolution
		Debug|Any CPU = Debug|Any CPU
		Release|Any CPU = Release|Any CPU
	EndGlobalSection
	GlobalSection(ProjectConfigurationPlatforms) = postSolution
		{29A44379-F083-4F07-A89F-070C0BA4E7A8}.Debug|Any CPU.ActiveCfg = Debug|Any CPU
		{29A44379-F083-4F07-A89F-070C0BA4E7A8}.Debug|Any CPU.Build.0 = Debug|Any CPU
		{29A44379-F083-4F07-A89F-070C0BA4E7A8}.Release|Any CPU.ActiveCfg = Release|Any CPU
		{29A44379-F083-4F07-A89F-070C0BA4E7A8}.Release|Any CPU.Build.0 = Release|Any CPU
	EndGlobalSection
	GlobalSection(SolutionProperties) = preSolution
		HideSolutionNode = FALSE
	EndGlobalSection
	GlobalSection(ExtensibilityGlobals) = postSolution
		SolutionGuid = {924C7DF0-93E0-4CFA-9EBB-F4B7F9B63775}
	EndGlobalSection
EndGlobal
