
Microsoft Visual Studio Solution File, Format Version 12.00
# Visual Studio Version 16
VisualStudioVersion = 16.0.29728.190
MinimumVisualStudioVersion = 10.0.40219.1
Project("{FAE04EC0-301F-11D3-BF4B-00C04F79EFBC}") = "stringsdetails", "stringsdetails.csproj", "{B1BC4696-78AA-449A-A560-9963FBB20348}"
EndProject
Global
	GlobalSection(SolutionConfigurationPlatforms) = preSolution
		Debug|Any CPU = Debug|Any CPU
		Release|Any CPU = Release|Any CPU
	EndGlobalSection
	GlobalSection(ProjectConfigurationPlatforms) = postSolution
		{B1BC4696-78AA-449A-A560-9963FBB20348}.Debug|Any CPU.ActiveCfg = Debug|Any CPU
		{B1BC4696-78AA-449A-A560-9963FBB20348}.Debug|Any CPU.Build.0 = Debug|Any CPU
		{B1BC4696-78AA-449A-A560-9963FBB20348}.Release|Any CPU.ActiveCfg = Release|Any CPU
		{B1BC4696-78AA-449A-A560-9963FBB20348}.Release|Any CPU.Build.0 = Release|Any CPU
	EndGlobalSection
	GlobalSection(SolutionProperties) = preSolution
		HideSolutionNode = FALSE
	EndGlobalSection
	GlobalSection(ExtensibilityGlobals) = postSolution
		SolutionGuid = {85AD4262-B5F2-4664-98EF-2136533E7592}
	EndGlobalSection
EndGlobal
