
Microsoft Visual Studio Solution File, Format Version 12.00
# Visual Studio Version 16
VisualStudioVersion = 16.0.29728.190
MinimumVisualStudioVersion = 10.0.40219.1
Project("{FAE04EC0-301F-11D3-BF4B-00C04F79EFBC}") = "Iteration", "Iteration.csproj", "{7EEAB51D-D6A8-4E61-846E-87FB6AE89526}"
EndProject
Global
	GlobalSection(SolutionConfigurationPlatforms) = preSolution
		Debug|Any CPU = Debug|Any CPU
		Release|Any CPU = Release|Any CPU
	EndGlobalSection
	GlobalSection(ProjectConfigurationPlatforms) = postSolution
		{7EEAB51D-D6A8-4E61-846E-87FB6AE89526}.Debug|Any CPU.ActiveCfg = Debug|Any CPU
		{7EEAB51D-D6A8-4E61-846E-87FB6AE89526}.Debug|Any CPU.Build.0 = Debug|Any CPU
		{7EEAB51D-D6A8-4E61-846E-87FB6AE89526}.Release|Any CPU.ActiveCfg = Release|Any CPU
		{7EEAB51D-D6A8-4E61-846E-87FB6AE89526}.Release|Any CPU.Build.0 = Release|Any CPU
	EndGlobalSection
	GlobalSection(SolutionProperties) = preSolution
		HideSolutionNode = FALSE
	EndGlobalSection
	GlobalSection(ExtensibilityGlobals) = postSolution
		SolutionGuid = {A6BD6553-6725-469C-857B-88A5A4FC4296}
	EndGlobalSection
EndGlobal
